// !$*UTF8*$!
{
	archiveVersion = 1;
	classes = {
	};
	objectVersion = 46;
	objects = {

/* Begin PBXBuildFile section */
		373063421BCABBD9004751CA /* HomeNotificationView.m in Sources */ = {isa = PBXBuildFile; fileRef = 373063411BCABBD9004751CA /* HomeNotificationView.m */; };
		37F2F5381BC991DA00B97307 /* QuotesTableviewCell.m in Sources */ = {isa = PBXBuildFile; fileRef = 37F2F5371BC991DA00B97307 /* QuotesTableviewCell.m */; };
		550F97A61BE29B6F005510F5 /* ColorPickerCollectionViewCell.m in Sources */ = {isa = PBXBuildFile; fileRef = 550F97A51BE29B6F005510F5 /* ColorPickerCollectionViewCell.m */; };
		5511280C1BEA856900F850C6 /* SecretAnswerViewController.m in Sources */ = {isa = PBXBuildFile; fileRef = 5511280B1BEA856900F850C6 /* SecretAnswerViewController.m */; };
		55261E2F1BC8C1E900AA3CCD /* QuotesViewController.m in Sources */ = {isa = PBXBuildFile; fileRef = 55261E2E1BC8C1E900AA3CCD /* QuotesViewController.m */; };
		55261E341BC8C32C00AA3CCD /* PassCodeViewController.m in Sources */ = {isa = PBXBuildFile; fileRef = 55261E331BC8C32C00AA3CCD /* PassCodeViewController.m */; };
		5536AA251BD8102100398454 /* CheckListViewController.m in Sources */ = {isa = PBXBuildFile; fileRef = 5536AA241BD8102100398454 /* CheckListViewController.m */; };
		5536AA281BD8104300398454 /* CLThreeSentenceViewController.m in Sources */ = {isa = PBXBuildFile; fileRef = 5536AA271BD8104300398454 /* CLThreeSentenceViewController.m */; };
		5536AA2B1BD8108500398454 /* CLMyHealthViewController.m in Sources */ = {isa = PBXBuildFile; fileRef = 5536AA2A1BD8108500398454 /* CLMyHealthViewController.m */; };
		5536AA2E1BD810A500398454 /* CLHealthInfoViewController.m in Sources */ = {isa = PBXBuildFile; fileRef = 5536AA2D1BD810A500398454 /* CLHealthInfoViewController.m */; };
		5536AA311BD810E900398454 /* CLNewGoalViewController.m in Sources */ = {isa = PBXBuildFile; fileRef = 5536AA301BD810E900398454 /* CLNewGoalViewController.m */; };
		5536AA351BD81AE100398454 /* CalendarViewController.m in Sources */ = {isa = PBXBuildFile; fileRef = 5536AA341BD81AE100398454 /* CalendarViewController.m */; };
		5536AA381BD81AFC00398454 /* NewEventViewController.m in Sources */ = {isa = PBXBuildFile; fileRef = 5536AA371BD81AFC00398454 /* NewEventViewController.m */; };
		5536AA401BD81D1100398454 /* UPStackMenu.m in Sources */ = {isa = PBXBuildFile; fileRef = 5536AA3D1BD81D1100398454 /* UPStackMenu.m */; };
		5536AA411BD81D1100398454 /* UPStackMenuItem.m in Sources */ = {isa = PBXBuildFile; fileRef = 5536AA3F1BD81D1100398454 /* UPStackMenuItem.m */; };
		5536AA451BD81D7F00398454 /* AppDataManager.m in Sources */ = {isa = PBXBuildFile; fileRef = 5536AA441BD81D7F00398454 /* AppDataManager.m */; };
		553B65C31BFBB3B800F288DD /* red.png in Resources */ = {isa = PBXBuildFile; fileRef = 553B65C21BFBB3B800F288DD /* red.png */; };
		553B65C71BFBB3D900F288DD /* green.png in Resources */ = {isa = PBXBuildFile; fileRef = 553B65C41BFBB3D900F288DD /* green.png */; };
		553B65C91BFBB3D900F288DD /* yellow.png in Resources */ = {isa = PBXBuildFile; fileRef = 553B65C61BFBB3D900F288DD /* yellow.png */; };
		55429EE11BC8AFCB00CEF9E5 /* InformationViewController.m in Sources */ = {isa = PBXBuildFile; fileRef = 55429EE01BC8AFCB00CEF9E5 /* InformationViewController.m */; };
		554310C51BE4D7CC00961E34 /* CalendarColorPickerViewController.m in Sources */ = {isa = PBXBuildFile; fileRef = 554310C41BE4D7CC00961E34 /* CalendarColorPickerViewController.m */; };
		555BD6131BC760B600BB61E9 /* main.m in Sources */ = {isa = PBXBuildFile; fileRef = 555BD6121BC760B600BB61E9 /* main.m */; };
		555BD6161BC760B600BB61E9 /* AppDelegate.m in Sources */ = {isa = PBXBuildFile; fileRef = 555BD6151BC760B600BB61E9 /* AppDelegate.m */; };
		555BD6191BC760B600BB61E9 /* ViewController.m in Sources */ = {isa = PBXBuildFile; fileRef = 555BD6181BC760B600BB61E9 /* ViewController.m */; };
		555BD61C1BC760B600BB61E9 /* Main.storyboard in Resources */ = {isa = PBXBuildFile; fileRef = 555BD61A1BC760B600BB61E9 /* Main.storyboard */; };
		555BD6211BC760B600BB61E9 /* LaunchScreen.xib in Resources */ = {isa = PBXBuildFile; fileRef = 555BD61F1BC760B600BB61E9 /* LaunchScreen.xib */; };
		555BD62D1BC760B700BB61E9 /* KooloTests.m in Sources */ = {isa = PBXBuildFile; fileRef = 555BD62C1BC760B700BB61E9 /* KooloTests.m */; };
		555BD63A1BC761AD00BB61E9 /* AlbumViewController.m in Sources */ = {isa = PBXBuildFile; fileRef = 555BD6391BC761AD00BB61E9 /* AlbumViewController.m */; };
		555BD63D1BC761D200BB61E9 /* SettingScreenViewController.m in Sources */ = {isa = PBXBuildFile; fileRef = 555BD63C1BC761D200BB61E9 /* SettingScreenViewController.m */; };
		557631D21BDEA4470042F0E0 /* PasscodeHomeViewController.m in Sources */ = {isa = PBXBuildFile; fileRef = 557631D11BDEA4470042F0E0 /* PasscodeHomeViewController.m */; };
		557B4B1B1BFA4B4500F37F04 /* time.png in Resources */ = {isa = PBXBuildFile; fileRef = 557B4B1A1BFA4B4500F37F04 /* time.png */; };
		558BB03F1BF8D5D0000B335D /* CLWeeklyCalendarView.m in Sources */ = {isa = PBXBuildFile; fileRef = 558BB0311BF8D5D0000B335D /* CLWeeklyCalendarView.m */; };
		558BB0401BF8D5D0000B335D /* DailyCalendarView.m in Sources */ = {isa = PBXBuildFile; fileRef = 558BB0331BF8D5D0000B335D /* DailyCalendarView.m */; };
		558BB0411BF8D5D0000B335D /* DayTitleLabel.m in Sources */ = {isa = PBXBuildFile; fileRef = 558BB0351BF8D5D0000B335D /* DayTitleLabel.m */; };
		558BB0421BF8D5D0000B335D /* NSDate+CL.m in Sources */ = {isa = PBXBuildFile; fileRef = 558BB0381BF8D5D0000B335D /* NSDate+CL.m */; };
		558BB0431BF8D5D0000B335D /* NSDictionary+CL.m in Sources */ = {isa = PBXBuildFile; fileRef = 558BB03A1BF8D5D0000B335D /* NSDictionary+CL.m */; };
		558BB0441BF8D5D0000B335D /* UIColor+CL.m in Sources */ = {isa = PBXBuildFile; fileRef = 558BB03C1BF8D5D0000B335D /* UIColor+CL.m */; };
		558BB0451BF8D5D0000B335D /* UIImage+CL.m in Sources */ = {isa = PBXBuildFile; fileRef = 558BB03E1BF8D5D0000B335D /* UIImage+CL.m */; };
		558BB0471BF8E4F1000B335D /* cross.png in Resources */ = {isa = PBXBuildFile; fileRef = 558BB0461BF8E4F1000B335D /* cross.png */; };
		55A8FAE31BE4911A0057CF44 /* colorPickerTableViewCell.m in Sources */ = {isa = PBXBuildFile; fileRef = 55A8FAE21BE4911A0057CF44 /* colorPickerTableViewCell.m */; };
		55CAAF051BE4A0FE008EE20C /* StoreDataMangager.m in Sources */ = {isa = PBXBuildFile; fileRef = 55CAAF041BE4A0FE008EE20C /* StoreDataMangager.m */; };
		55D063831BF8894B000962D3 /* Localizable.strings in Resources */ = {isa = PBXBuildFile; fileRef = 55D063821BF8894B000962D3 /* Localizable.strings */; };
		55F5A3F91BE143FC00DC80F4 /* MSCameraViewController.m in Sources */ = {isa = PBXBuildFile; fileRef = 55F5A3F81BE143FC00DC80F4 /* MSCameraViewController.m */; };
		55F5A3FC1BE1441300DC80F4 /* MSColorPickerViewController.m in Sources */ = {isa = PBXBuildFile; fileRef = 55F5A3FB1BE1441300DC80F4 /* MSColorPickerViewController.m */; };
		55F5A3FF1BE1451900DC80F4 /* MoodLineViewController.m in Sources */ = {isa = PBXBuildFile; fileRef = 55F5A3FE1BE1451900DC80F4 /* MoodLineViewController.m */; };
		55F5A4021BE1456900DC80F4 /* MoodMapViewController.m in Sources */ = {isa = PBXBuildFile; fileRef = 55F5A4011BE1456900DC80F4 /* MoodMapViewController.m */; };
		55F5A4051BE1495100DC80F4 /* MSPreViewViewController.m in Sources */ = {isa = PBXBuildFile; fileRef = 55F5A4041BE1495100DC80F4 /* MSPreViewViewController.m */; };
		55F9172F1BE7F3630007E799 /* CLNewGoalTableViewCell.m in Sources */ = {isa = PBXBuildFile; fileRef = 55F9172E1BE7F3630007E799 /* CLNewGoalTableViewCell.m */; };
		F337738D1BC8D1C100793831 /* settings.png in Resources */ = {isa = PBXBuildFile; fileRef = F337738C1BC8D1C000793831 /* settings.png */; };
		F337738F1BC8D2C400793831 /* plus.png in Resources */ = {isa = PBXBuildFile; fileRef = F337738E1BC8D2C400793831 /* plus.png */; };
		F337739C1BC8D51300793831 /* SmallCameraButton.png in Resources */ = {isa = PBXBuildFile; fileRef = F33773981BC8D51300793831 /* SmallCameraButton.png */; };
		F337739D1BC8D51300793831 /* SmallKeyBoard.png in Resources */ = {isa = PBXBuildFile; fileRef = F33773991BC8D51300793831 /* SmallKeyBoard.png */; };
		F337739E1BC8D51300793831 /* SmallRecorderButton.png in Resources */ = {isa = PBXBuildFile; fileRef = F337739A1BC8D51300793831 /* SmallRecorderButton.png */; };
		F337739F1BC8D51300793831 /* WhitePlus.png in Resources */ = {isa = PBXBuildFile; fileRef = F337739B1BC8D51300793831 /* WhitePlus.png */; };
		F33773A21BC9465B00793831 /* Calander.png in Resources */ = {isa = PBXBuildFile; fileRef = F33773A01BC9465B00793831 /* Calander.png */; };
		F33773A31BC9465B00793831 /* CheckListpng.png in Resources */ = {isa = PBXBuildFile; fileRef = F33773A11BC9465B00793831 /* CheckListpng.png */; };
		F33B7E6E1BC8B92800C37B1D /* lock.png in Resources */ = {isa = PBXBuildFile; fileRef = F33B7E6D1BC8B92800C37B1D /* lock.png */; };
		F33B7E701BC8C6CB00C37B1D /* Camera.png in Resources */ = {isa = PBXBuildFile; fileRef = F33B7E6F1BC8C6CB00C37B1D /* Camera.png */; };
		F3BBD92D1BE4CD760087591E /* Images.xcassets in Resources */ = {isa = PBXBuildFile; fileRef = 555BD61D1BC760B600BB61E9 /* Images.xcassets */; };
		F3D0A2481BEF14A70089CFD5 /* CheckListCustomView.m in Sources */ = {isa = PBXBuildFile; fileRef = F3D0A2471BEF14A70089CFD5 /* CheckListCustomView.m */; };
		F3E7FC581BE5E1B7009DA03C /* MoodPreviewCell.m in Sources */ = {isa = PBXBuildFile; fileRef = F3E7FC571BE5E1B7009DA03C /* MoodPreviewCell.m */; };
		F3E7FC5B1BE618CB009DA03C /* CustomMoodsImageView.m in Sources */ = {isa = PBXBuildFile; fileRef = F3E7FC5A1BE618CB009DA03C /* CustomMoodsImageView.m */; };
/* End PBXBuildFile section */

/* Begin PBXContainerItemProxy section */
		555BD6271BC760B600BB61E9 /* PBXContainerItemProxy */ = {
			isa = PBXContainerItemProxy;
			containerPortal = 555BD6051BC760B500BB61E9 /* Project object */;
			proxyType = 1;
			remoteGlobalIDString = 555BD60C1BC760B500BB61E9;
			remoteInfo = Koolo;
		};
/* End PBXContainerItemProxy section */

/* Begin PBXFileReference section */
		373063401BCABBD9004751CA /* HomeNotificationView.h */ = {isa = PBXFileReference; fileEncoding = 4; lastKnownFileType = sourcecode.c.h; path = HomeNotificationView.h; sourceTree = "<group>"; };
		373063411BCABBD9004751CA /* HomeNotificationView.m */ = {isa = PBXFileReference; fileEncoding = 4; lastKnownFileType = sourcecode.c.objc; path = HomeNotificationView.m; sourceTree = "<group>"; };
		37F2F5361BC991DA00B97307 /* QuotesTableviewCell.h */ = {isa = PBXFileReference; fileEncoding = 4; lastKnownFileType = sourcecode.c.h; path = QuotesTableviewCell.h; sourceTree = "<group>"; };
		37F2F5371BC991DA00B97307 /* QuotesTableviewCell.m */ = {isa = PBXFileReference; fileEncoding = 4; lastKnownFileType = sourcecode.c.objc; path = QuotesTableviewCell.m; sourceTree = "<group>"; };
		550F97A41BE29B6F005510F5 /* ColorPickerCollectionViewCell.h */ = {isa = PBXFileReference; fileEncoding = 4; lastKnownFileType = sourcecode.c.h; path = ColorPickerCollectionViewCell.h; sourceTree = "<group>"; };
		550F97A51BE29B6F005510F5 /* ColorPickerCollectionViewCell.m */ = {isa = PBXFileReference; fileEncoding = 4; lastKnownFileType = sourcecode.c.objc; path = ColorPickerCollectionViewCell.m; sourceTree = "<group>"; };
		5511280A1BEA856900F850C6 /* SecretAnswerViewController.h */ = {isa = PBXFileReference; fileEncoding = 4; lastKnownFileType = sourcecode.c.h; path = SecretAnswerViewController.h; sourceTree = "<group>"; };
		5511280B1BEA856900F850C6 /* SecretAnswerViewController.m */ = {isa = PBXFileReference; fileEncoding = 4; lastKnownFileType = sourcecode.c.objc; path = SecretAnswerViewController.m; sourceTree = "<group>"; };
		55261E2D1BC8C1E900AA3CCD /* QuotesViewController.h */ = {isa = PBXFileReference; fileEncoding = 4; lastKnownFileType = sourcecode.c.h; path = QuotesViewController.h; sourceTree = "<group>"; };
		55261E2E1BC8C1E900AA3CCD /* QuotesViewController.m */ = {isa = PBXFileReference; fileEncoding = 4; lastKnownFileType = sourcecode.c.objc; path = QuotesViewController.m; sourceTree = "<group>"; };
		55261E321BC8C32C00AA3CCD /* PassCodeViewController.h */ = {isa = PBXFileReference; fileEncoding = 4; lastKnownFileType = sourcecode.c.h; path = PassCodeViewController.h; sourceTree = "<group>"; };
		55261E331BC8C32C00AA3CCD /* PassCodeViewController.m */ = {isa = PBXFileReference; fileEncoding = 4; lastKnownFileType = sourcecode.c.objc; path = PassCodeViewController.m; sourceTree = "<group>"; };
		5536AA231BD8102100398454 /* CheckListViewController.h */ = {isa = PBXFileReference; fileEncoding = 4; lastKnownFileType = sourcecode.c.h; path = CheckListViewController.h; sourceTree = "<group>"; };
		5536AA241BD8102100398454 /* CheckListViewController.m */ = {isa = PBXFileReference; fileEncoding = 4; lastKnownFileType = sourcecode.c.objc; path = CheckListViewController.m; sourceTree = "<group>"; };
		5536AA261BD8104300398454 /* CLThreeSentenceViewController.h */ = {isa = PBXFileReference; fileEncoding = 4; lastKnownFileType = sourcecode.c.h; path = CLThreeSentenceViewController.h; sourceTree = "<group>"; };
		5536AA271BD8104300398454 /* CLThreeSentenceViewController.m */ = {isa = PBXFileReference; fileEncoding = 4; lastKnownFileType = sourcecode.c.objc; path = CLThreeSentenceViewController.m; sourceTree = "<group>"; };
		5536AA291BD8108500398454 /* CLMyHealthViewController.h */ = {isa = PBXFileReference; fileEncoding = 4; lastKnownFileType = sourcecode.c.h; path = CLMyHealthViewController.h; sourceTree = "<group>"; };
		5536AA2A1BD8108500398454 /* CLMyHealthViewController.m */ = {isa = PBXFileReference; fileEncoding = 4; lastKnownFileType = sourcecode.c.objc; path = CLMyHealthViewController.m; sourceTree = "<group>"; };
		5536AA2C1BD810A500398454 /* CLHealthInfoViewController.h */ = {isa = PBXFileReference; fileEncoding = 4; lastKnownFileType = sourcecode.c.h; path = CLHealthInfoViewController.h; sourceTree = "<group>"; };
		5536AA2D1BD810A500398454 /* CLHealthInfoViewController.m */ = {isa = PBXFileReference; fileEncoding = 4; lastKnownFileType = sourcecode.c.objc; path = CLHealthInfoViewController.m; sourceTree = "<group>"; };
		5536AA2F1BD810E900398454 /* CLNewGoalViewController.h */ = {isa = PBXFileReference; fileEncoding = 4; lastKnownFileType = sourcecode.c.h; path = CLNewGoalViewController.h; sourceTree = "<group>"; };
		5536AA301BD810E900398454 /* CLNewGoalViewController.m */ = {isa = PBXFileReference; fileEncoding = 4; lastKnownFileType = sourcecode.c.objc; path = CLNewGoalViewController.m; sourceTree = "<group>"; };
		5536AA331BD81AE100398454 /* CalendarViewController.h */ = {isa = PBXFileReference; fileEncoding = 4; lastKnownFileType = sourcecode.c.h; path = CalendarViewController.h; sourceTree = "<group>"; };
		5536AA341BD81AE100398454 /* CalendarViewController.m */ = {isa = PBXFileReference; fileEncoding = 4; lastKnownFileType = sourcecode.c.objc; path = CalendarViewController.m; sourceTree = "<group>"; };
		5536AA361BD81AFC00398454 /* NewEventViewController.h */ = {isa = PBXFileReference; fileEncoding = 4; lastKnownFileType = sourcecode.c.h; path = NewEventViewController.h; sourceTree = "<group>"; };
		5536AA371BD81AFC00398454 /* NewEventViewController.m */ = {isa = PBXFileReference; fileEncoding = 4; lastKnownFileType = sourcecode.c.objc; path = NewEventViewController.m; sourceTree = "<group>"; };
		5536AA391BD81CD900398454 /* AppConstants.h */ = {isa = PBXFileReference; lastKnownFileType = sourcecode.c.h; path = AppConstants.h; sourceTree = "<group>"; };
		5536AA3C1BD81D1100398454 /* UPStackMenu.h */ = {isa = PBXFileReference; fileEncoding = 4; lastKnownFileType = sourcecode.c.h; path = UPStackMenu.h; sourceTree = "<group>"; };
		5536AA3D1BD81D1100398454 /* UPStackMenu.m */ = {isa = PBXFileReference; fileEncoding = 4; lastKnownFileType = sourcecode.c.objc; path = UPStackMenu.m; sourceTree = "<group>"; };
		5536AA3E1BD81D1100398454 /* UPStackMenuItem.h */ = {isa = PBXFileReference; fileEncoding = 4; lastKnownFileType = sourcecode.c.h; path = UPStackMenuItem.h; sourceTree = "<group>"; };
		5536AA3F1BD81D1100398454 /* UPStackMenuItem.m */ = {isa = PBXFileReference; fileEncoding = 4; lastKnownFileType = sourcecode.c.objc; path = UPStackMenuItem.m; sourceTree = "<group>"; };
		5536AA431BD81D7F00398454 /* AppDataManager.h */ = {isa = PBXFileReference; fileEncoding = 4; lastKnownFileType = sourcecode.c.h; path = AppDataManager.h; sourceTree = "<group>"; };
		5536AA441BD81D7F00398454 /* AppDataManager.m */ = {isa = PBXFileReference; fileEncoding = 4; lastKnownFileType = sourcecode.c.objc; path = AppDataManager.m; sourceTree = "<group>"; };
		553B65C21BFBB3B800F288DD /* red.png */ = {isa = PBXFileReference; lastKnownFileType = image.png; path = red.png; sourceTree = "<group>"; };
		553B65C41BFBB3D900F288DD /* green.png */ = {isa = PBXFileReference; lastKnownFileType = image.png; path = green.png; sourceTree = "<group>"; };
		553B65C61BFBB3D900F288DD /* yellow.png */ = {isa = PBXFileReference; lastKnownFileType = image.png; path = yellow.png; sourceTree = "<group>"; };
		55429EDF1BC8AFCB00CEF9E5 /* InformationViewController.h */ = {isa = PBXFileReference; fileEncoding = 4; lastKnownFileType = sourcecode.c.h; path = InformationViewController.h; sourceTree = "<group>"; };
		55429EE01BC8AFCB00CEF9E5 /* InformationViewController.m */ = {isa = PBXFileReference; fileEncoding = 4; lastKnownFileType = sourcecode.c.objc; path = InformationViewController.m; sourceTree = "<group>"; };
		554310C31BE4D7CC00961E34 /* CalendarColorPickerViewController.h */ = {isa = PBXFileReference; fileEncoding = 4; lastKnownFileType = sourcecode.c.h; path = CalendarColorPickerViewController.h; sourceTree = "<group>"; };
		554310C41BE4D7CC00961E34 /* CalendarColorPickerViewController.m */ = {isa = PBXFileReference; fileEncoding = 4; lastKnownFileType = sourcecode.c.objc; path = CalendarColorPickerViewController.m; sourceTree = "<group>"; };
		555BD60D1BC760B600BB61E9 /* Koolo.app */ = {isa = PBXFileReference; explicitFileType = wrapper.application; includeInIndex = 0; path = Koolo.app; sourceTree = BUILT_PRODUCTS_DIR; };
		555BD6111BC760B600BB61E9 /* Info.plist */ = {isa = PBXFileReference; lastKnownFileType = text.plist.xml; path = Info.plist; sourceTree = "<group>"; };
		555BD6121BC760B600BB61E9 /* main.m */ = {isa = PBXFileReference; lastKnownFileType = sourcecode.c.objc; path = main.m; sourceTree = "<group>"; };
		555BD6141BC760B600BB61E9 /* AppDelegate.h */ = {isa = PBXFileReference; lastKnownFileType = sourcecode.c.h; path = AppDelegate.h; sourceTree = "<group>"; };
		555BD6151BC760B600BB61E9 /* AppDelegate.m */ = {isa = PBXFileReference; lastKnownFileType = sourcecode.c.objc; path = AppDelegate.m; sourceTree = "<group>"; };
		555BD6171BC760B600BB61E9 /* ViewController.h */ = {isa = PBXFileReference; lastKnownFileType = sourcecode.c.h; path = ViewController.h; sourceTree = "<group>"; };
		555BD6181BC760B600BB61E9 /* ViewController.m */ = {isa = PBXFileReference; lastKnownFileType = sourcecode.c.objc; path = ViewController.m; sourceTree = "<group>"; };
		555BD61B1BC760B600BB61E9 /* Base */ = {isa = PBXFileReference; lastKnownFileType = file.storyboard; name = Base; path = Base.lproj/Main.storyboard; sourceTree = "<group>"; };
		555BD61D1BC760B600BB61E9 /* Images.xcassets */ = {isa = PBXFileReference; lastKnownFileType = folder.assetcatalog; path = Images.xcassets; sourceTree = "<group>"; };
		555BD6201BC760B600BB61E9 /* Base */ = {isa = PBXFileReference; lastKnownFileType = file.xib; name = Base; path = Base.lproj/LaunchScreen.xib; sourceTree = "<group>"; };
		555BD6261BC760B600BB61E9 /* KooloTests.xctest */ = {isa = PBXFileReference; explicitFileType = wrapper.cfbundle; includeInIndex = 0; path = KooloTests.xctest; sourceTree = BUILT_PRODUCTS_DIR; };
		555BD62B1BC760B600BB61E9 /* Info.plist */ = {isa = PBXFileReference; lastKnownFileType = text.plist.xml; path = Info.plist; sourceTree = "<group>"; };
		555BD62C1BC760B700BB61E9 /* KooloTests.m */ = {isa = PBXFileReference; lastKnownFileType = sourcecode.c.objc; path = KooloTests.m; sourceTree = "<group>"; };
		555BD6381BC761AD00BB61E9 /* AlbumViewController.h */ = {isa = PBXFileReference; fileEncoding = 4; lastKnownFileType = sourcecode.c.h; path = AlbumViewController.h; sourceTree = "<group>"; };
		555BD6391BC761AD00BB61E9 /* AlbumViewController.m */ = {isa = PBXFileReference; fileEncoding = 4; lastKnownFileType = sourcecode.c.objc; path = AlbumViewController.m; sourceTree = "<group>"; };
		555BD63B1BC761D200BB61E9 /* SettingScreenViewController.h */ = {isa = PBXFileReference; fileEncoding = 4; lastKnownFileType = sourcecode.c.h; path = SettingScreenViewController.h; sourceTree = "<group>"; };
		555BD63C1BC761D200BB61E9 /* SettingScreenViewController.m */ = {isa = PBXFileReference; fileEncoding = 4; lastKnownFileType = sourcecode.c.objc; path = SettingScreenViewController.m; sourceTree = "<group>"; };
		557631D01BDEA4470042F0E0 /* PasscodeHomeViewController.h */ = {isa = PBXFileReference; fileEncoding = 4; lastKnownFileType = sourcecode.c.h; path = PasscodeHomeViewController.h; sourceTree = "<group>"; };
		557631D11BDEA4470042F0E0 /* PasscodeHomeViewController.m */ = {isa = PBXFileReference; fileEncoding = 4; lastKnownFileType = sourcecode.c.objc; path = PasscodeHomeViewController.m; sourceTree = "<group>"; };
		557B4B1A1BFA4B4500F37F04 /* time.png */ = {isa = PBXFileReference; lastKnownFileType = image.png; path = time.png; sourceTree = "<group>"; };
		558BB0301BF8D5D0000B335D /* CLWeeklyCalendarView.h */ = {isa = PBXFileReference; fileEncoding = 4; lastKnownFileType = sourcecode.c.h; path = CLWeeklyCalendarView.h; sourceTree = "<group>"; };
		558BB0311BF8D5D0000B335D /* CLWeeklyCalendarView.m */ = {isa = PBXFileReference; fileEncoding = 4; lastKnownFileType = sourcecode.c.objc; path = CLWeeklyCalendarView.m; sourceTree = "<group>"; };
		558BB0321BF8D5D0000B335D /* DailyCalendarView.h */ = {isa = PBXFileReference; fileEncoding = 4; lastKnownFileType = sourcecode.c.h; path = DailyCalendarView.h; sourceTree = "<group>"; };
		558BB0331BF8D5D0000B335D /* DailyCalendarView.m */ = {isa = PBXFileReference; fileEncoding = 4; lastKnownFileType = sourcecode.c.objc; path = DailyCalendarView.m; sourceTree = "<group>"; };
		558BB0341BF8D5D0000B335D /* DayTitleLabel.h */ = {isa = PBXFileReference; fileEncoding = 4; lastKnownFileType = sourcecode.c.h; path = DayTitleLabel.h; sourceTree = "<group>"; };
		558BB0351BF8D5D0000B335D /* DayTitleLabel.m */ = {isa = PBXFileReference; fileEncoding = 4; lastKnownFileType = sourcecode.c.objc; path = DayTitleLabel.m; sourceTree = "<group>"; };
		558BB0371BF8D5D0000B335D /* NSDate+CL.h */ = {isa = PBXFileReference; fileEncoding = 4; lastKnownFileType = sourcecode.c.h; path = "NSDate+CL.h"; sourceTree = "<group>"; };
		558BB0381BF8D5D0000B335D /* NSDate+CL.m */ = {isa = PBXFileReference; fileEncoding = 4; lastKnownFileType = sourcecode.c.objc; path = "NSDate+CL.m"; sourceTree = "<group>"; };
		558BB0391BF8D5D0000B335D /* NSDictionary+CL.h */ = {isa = PBXFileReference; fileEncoding = 4; lastKnownFileType = sourcecode.c.h; path = "NSDictionary+CL.h"; sourceTree = "<group>"; };
		558BB03A1BF8D5D0000B335D /* NSDictionary+CL.m */ = {isa = PBXFileReference; fileEncoding = 4; lastKnownFileType = sourcecode.c.objc; path = "NSDictionary+CL.m"; sourceTree = "<group>"; };
		558BB03B1BF8D5D0000B335D /* UIColor+CL.h */ = {isa = PBXFileReference; fileEncoding = 4; lastKnownFileType = sourcecode.c.h; path = "UIColor+CL.h"; sourceTree = "<group>"; };
		558BB03C1BF8D5D0000B335D /* UIColor+CL.m */ = {isa = PBXFileReference; fileEncoding = 4; lastKnownFileType = sourcecode.c.objc; path = "UIColor+CL.m"; sourceTree = "<group>"; };
		558BB03D1BF8D5D0000B335D /* UIImage+CL.h */ = {isa = PBXFileReference; fileEncoding = 4; lastKnownFileType = sourcecode.c.h; path = "UIImage+CL.h"; sourceTree = "<group>"; };
		558BB03E1BF8D5D0000B335D /* UIImage+CL.m */ = {isa = PBXFileReference; fileEncoding = 4; lastKnownFileType = sourcecode.c.objc; path = "UIImage+CL.m"; sourceTree = "<group>"; };
		558BB0461BF8E4F1000B335D /* cross.png */ = {isa = PBXFileReference; lastKnownFileType = image.png; path = cross.png; sourceTree = "<group>"; };
		55A8FAE11BE4911A0057CF44 /* colorPickerTableViewCell.h */ = {isa = PBXFileReference; fileEncoding = 4; lastKnownFileType = sourcecode.c.h; path = colorPickerTableViewCell.h; sourceTree = "<group>"; };
		55A8FAE21BE4911A0057CF44 /* colorPickerTableViewCell.m */ = {isa = PBXFileReference; fileEncoding = 4; lastKnownFileType = sourcecode.c.objc; path = colorPickerTableViewCell.m; sourceTree = "<group>"; };
		55CAAF031BE4A0FE008EE20C /* StoreDataMangager.h */ = {isa = PBXFileReference; fileEncoding = 4; lastKnownFileType = sourcecode.c.h; path = StoreDataMangager.h; sourceTree = "<group>"; };
		55CAAF041BE4A0FE008EE20C /* StoreDataMangager.m */ = {isa = PBXFileReference; fileEncoding = 4; lastKnownFileType = sourcecode.c.objc; path = StoreDataMangager.m; sourceTree = "<group>"; };
		55D063821BF8894B000962D3 /* Localizable.strings */ = {isa = PBXFileReference; fileEncoding = 4; lastKnownFileType = text.plist.strings; name = Localizable.strings; path = Koolo/Localizable.strings; sourceTree = "<group>"; };
		55F5A3F71BE143FC00DC80F4 /* MSCameraViewController.h */ = {isa = PBXFileReference; fileEncoding = 4; lastKnownFileType = sourcecode.c.h; path = MSCameraViewController.h; sourceTree = "<group>"; };
		55F5A3F81BE143FC00DC80F4 /* MSCameraViewController.m */ = {isa = PBXFileReference; fileEncoding = 4; lastKnownFileType = sourcecode.c.objc; path = MSCameraViewController.m; sourceTree = "<group>"; };
		55F5A3FA1BE1441300DC80F4 /* MSColorPickerViewController.h */ = {isa = PBXFileReference; fileEncoding = 4; lastKnownFileType = sourcecode.c.h; path = MSColorPickerViewController.h; sourceTree = "<group>"; };
		55F5A3FB1BE1441300DC80F4 /* MSColorPickerViewController.m */ = {isa = PBXFileReference; fileEncoding = 4; lastKnownFileType = sourcecode.c.objc; path = MSColorPickerViewController.m; sourceTree = "<group>"; };
		55F5A3FD1BE1451900DC80F4 /* MoodLineViewController.h */ = {isa = PBXFileReference; fileEncoding = 4; lastKnownFileType = sourcecode.c.h; path = MoodLineViewController.h; sourceTree = "<group>"; };
		55F5A3FE1BE1451900DC80F4 /* MoodLineViewController.m */ = {isa = PBXFileReference; fileEncoding = 4; lastKnownFileType = sourcecode.c.objc; path = MoodLineViewController.m; sourceTree = "<group>"; };
		55F5A4001BE1456900DC80F4 /* MoodMapViewController.h */ = {isa = PBXFileReference; fileEncoding = 4; lastKnownFileType = sourcecode.c.h; path = MoodMapViewController.h; sourceTree = "<group>"; };
		55F5A4011BE1456900DC80F4 /* MoodMapViewController.m */ = {isa = PBXFileReference; fileEncoding = 4; lastKnownFileType = sourcecode.c.objc; path = MoodMapViewController.m; sourceTree = "<group>"; };
		55F5A4031BE1495100DC80F4 /* MSPreViewViewController.h */ = {isa = PBXFileReference; fileEncoding = 4; lastKnownFileType = sourcecode.c.h; path = MSPreViewViewController.h; sourceTree = "<group>"; };
		55F5A4041BE1495100DC80F4 /* MSPreViewViewController.m */ = {isa = PBXFileReference; fileEncoding = 4; lastKnownFileType = sourcecode.c.objc; path = MSPreViewViewController.m; sourceTree = "<group>"; };
		55F9172D1BE7F3630007E799 /* CLNewGoalTableViewCell.h */ = {isa = PBXFileReference; fileEncoding = 4; lastKnownFileType = sourcecode.c.h; path = CLNewGoalTableViewCell.h; sourceTree = "<group>"; };
		55F9172E1BE7F3630007E799 /* CLNewGoalTableViewCell.m */ = {isa = PBXFileReference; fileEncoding = 4; lastKnownFileType = sourcecode.c.objc; path = CLNewGoalTableViewCell.m; sourceTree = "<group>"; };
		F337738C1BC8D1C000793831 /* settings.png */ = {isa = PBXFileReference; lastKnownFileType = image.png; path = settings.png; sourceTree = "<group>"; };
		F337738E1BC8D2C400793831 /* plus.png */ = {isa = PBXFileReference; lastKnownFileType = image.png; path = plus.png; sourceTree = "<group>"; };
		F33773981BC8D51300793831 /* SmallCameraButton.png */ = {isa = PBXFileReference; lastKnownFileType = image.png; path = SmallCameraButton.png; sourceTree = "<group>"; };
		F33773991BC8D51300793831 /* SmallKeyBoard.png */ = {isa = PBXFileReference; lastKnownFileType = image.png; path = SmallKeyBoard.png; sourceTree = "<group>"; };
		F337739A1BC8D51300793831 /* SmallRecorderButton.png */ = {isa = PBXFileReference; lastKnownFileType = image.png; path = SmallRecorderButton.png; sourceTree = "<group>"; };
		F337739B1BC8D51300793831 /* WhitePlus.png */ = {isa = PBXFileReference; lastKnownFileType = image.png; path = WhitePlus.png; sourceTree = "<group>"; };
		F33773A01BC9465B00793831 /* Calander.png */ = {isa = PBXFileReference; lastKnownFileType = image.png; path = Calander.png; sourceTree = "<group>"; };
		F33773A11BC9465B00793831 /* CheckListpng.png */ = {isa = PBXFileReference; lastKnownFileType = image.png; path = CheckListpng.png; sourceTree = "<group>"; };
		F33B7E6D1BC8B92800C37B1D /* lock.png */ = {isa = PBXFileReference; lastKnownFileType = image.png; path = lock.png; sourceTree = "<group>"; };
		F33B7E6F1BC8C6CB00C37B1D /* Camera.png */ = {isa = PBXFileReference; lastKnownFileType = image.png; path = Camera.png; sourceTree = "<group>"; };
		F3D0A2461BEF14A70089CFD5 /* CheckListCustomView.h */ = {isa = PBXFileReference; fileEncoding = 4; lastKnownFileType = sourcecode.c.h; path = CheckListCustomView.h; sourceTree = "<group>"; };
		F3D0A2471BEF14A70089CFD5 /* CheckListCustomView.m */ = {isa = PBXFileReference; fileEncoding = 4; lastKnownFileType = sourcecode.c.objc; path = CheckListCustomView.m; sourceTree = "<group>"; };
		F3E7FC561BE5E1B6009DA03C /* MoodPreviewCell.h */ = {isa = PBXFileReference; fileEncoding = 4; lastKnownFileType = sourcecode.c.h; path = MoodPreviewCell.h; sourceTree = "<group>"; };
		F3E7FC571BE5E1B7009DA03C /* MoodPreviewCell.m */ = {isa = PBXFileReference; fileEncoding = 4; lastKnownFileType = sourcecode.c.objc; path = MoodPreviewCell.m; sourceTree = "<group>"; };
		F3E7FC591BE618CB009DA03C /* CustomMoodsImageView.h */ = {isa = PBXFileReference; fileEncoding = 4; lastKnownFileType = sourcecode.c.h; path = CustomMoodsImageView.h; sourceTree = "<group>"; };
		F3E7FC5A1BE618CB009DA03C /* CustomMoodsImageView.m */ = {isa = PBXFileReference; fileEncoding = 4; lastKnownFileType = sourcecode.c.objc; path = CustomMoodsImageView.m; sourceTree = "<group>"; };
/* End PBXFileReference section */

/* Begin PBXFrameworksBuildPhase section */
		555BD60A1BC760B500BB61E9 /* Frameworks */ = {
			isa = PBXFrameworksBuildPhase;
			buildActionMask = 2147483647;
			files = (
			);
			runOnlyForDeploymentPostprocessing = 0;
		};
		555BD6231BC760B600BB61E9 /* Frameworks */ = {
			isa = PBXFrameworksBuildPhase;
			buildActionMask = 2147483647;
			files = (
			);
			runOnlyForDeploymentPostprocessing = 0;
		};
/* End PBXFrameworksBuildPhase section */

/* Begin PBXGroup section */
		3730633F1BCABBA2004751CA /* Home */ = {
			isa = PBXGroup;
			children = (
				555BD6171BC760B600BB61E9 /* ViewController.h */,
				555BD6181BC760B600BB61E9 /* ViewController.m */,
				373063401BCABBD9004751CA /* HomeNotificationView.h */,
				373063411BCABBD9004751CA /* HomeNotificationView.m */,
			);
			name = Home;
			sourceTree = "<group>";
		};
		55261E2C1BC8C1D600AA3CCD /* Quotes */ = {
			isa = PBXGroup;
			children = (
				37F2F5361BC991DA00B97307 /* QuotesTableviewCell.h */,
				37F2F5371BC991DA00B97307 /* QuotesTableviewCell.m */,
				55261E2D1BC8C1E900AA3CCD /* QuotesViewController.h */,
				55261E2E1BC8C1E900AA3CCD /* QuotesViewController.m */,
			);
			path = Quotes;
			sourceTree = "<group>";
		};
		55261E311BC8C31000AA3CCD /* Passcode */ = {
			isa = PBXGroup;
			children = (
				55261E321BC8C32C00AA3CCD /* PassCodeViewController.h */,
				55261E331BC8C32C00AA3CCD /* PassCodeViewController.m */,
				557631D01BDEA4470042F0E0 /* PasscodeHomeViewController.h */,
				557631D11BDEA4470042F0E0 /* PasscodeHomeViewController.m */,
				5511280A1BEA856900F850C6 /* SecretAnswerViewController.h */,
				5511280B1BEA856900F850C6 /* SecretAnswerViewController.m */,
			);
			path = Passcode;
			sourceTree = "<group>";
		};
		5536AA221BD80FED00398454 /* Checklists */ = {
			isa = PBXGroup;
			children = (
				5536AA231BD8102100398454 /* CheckListViewController.h */,
				5536AA241BD8102100398454 /* CheckListViewController.m */,
				5536AA291BD8108500398454 /* CLMyHealthViewController.h */,
				5536AA2A1BD8108500398454 /* CLMyHealthViewController.m */,
				5536AA2C1BD810A500398454 /* CLHealthInfoViewController.h */,
				5536AA2D1BD810A500398454 /* CLHealthInfoViewController.m */,
				5536AA2F1BD810E900398454 /* CLNewGoalViewController.h */,
				5536AA301BD810E900398454 /* CLNewGoalViewController.m */,
				5536AA261BD8104300398454 /* CLThreeSentenceViewController.h */,
				5536AA271BD8104300398454 /* CLThreeSentenceViewController.m */,
				55F9172D1BE7F3630007E799 /* CLNewGoalTableViewCell.h */,
				55F9172E1BE7F3630007E799 /* CLNewGoalTableViewCell.m */,
				F3D0A2461BEF14A70089CFD5 /* CheckListCustomView.h */,
				F3D0A2471BEF14A70089CFD5 /* CheckListCustomView.m */,
			);
			path = Checklists;
			sourceTree = "<group>";
		};
		5536AA321BD81A7300398454 /* Calendar */ = {
			isa = PBXGroup;
			children = (
				558BB02F1BF8D5D0000B335D /* CLWeeklyCalendarViewSourceCode */,
				5536AA331BD81AE100398454 /* CalendarViewController.h */,
				5536AA341BD81AE100398454 /* CalendarViewController.m */,
				5536AA361BD81AFC00398454 /* NewEventViewController.h */,
				5536AA371BD81AFC00398454 /* NewEventViewController.m */,
				554310C31BE4D7CC00961E34 /* CalendarColorPickerViewController.h */,
				554310C41BE4D7CC00961E34 /* CalendarColorPickerViewController.m */,
			);
			path = Calendar;
			sourceTree = "<group>";
		};
		5536AA3A1BD81D1100398454 /* Third Party */ = {
			isa = PBXGroup;
			children = (
				5536AA3B1BD81D1100398454 /* Menu Classes */,
			);
			path = "Third Party";
			sourceTree = "<group>";
		};
		5536AA3B1BD81D1100398454 /* Menu Classes */ = {
			isa = PBXGroup;
			children = (
				5536AA3C1BD81D1100398454 /* UPStackMenu.h */,
				5536AA3D1BD81D1100398454 /* UPStackMenu.m */,
				5536AA3E1BD81D1100398454 /* UPStackMenuItem.h */,
				5536AA3F1BD81D1100398454 /* UPStackMenuItem.m */,
			);
			path = "Menu Classes";
			sourceTree = "<group>";
		};
		5536AA421BD81D4700398454 /* SingleTon */ = {
			isa = PBXGroup;
			children = (
				5536AA431BD81D7F00398454 /* AppDataManager.h */,
				5536AA441BD81D7F00398454 /* AppDataManager.m */,
				55CAAF031BE4A0FE008EE20C /* StoreDataMangager.h */,
				55CAAF041BE4A0FE008EE20C /* StoreDataMangager.m */,
			);
			path = SingleTon;
			sourceTree = "<group>";
		};
		555BD6041BC760B500BB61E9 = {
			isa = PBXGroup;
			children = (
				55D063821BF8894B000962D3 /* Localizable.strings */,
				555BD60F1BC760B600BB61E9 /* Koolo */,
				555BD6291BC760B600BB61E9 /* KooloTests */,
				555BD60E1BC760B600BB61E9 /* Products */,
			);
			sourceTree = "<group>";
		};
		555BD60E1BC760B600BB61E9 /* Products */ = {
			isa = PBXGroup;
			children = (
				555BD60D1BC760B600BB61E9 /* Koolo.app */,
				555BD6261BC760B600BB61E9 /* KooloTests.xctest */,
			);
			name = Products;
			sourceTree = "<group>";
		};
		555BD60F1BC760B600BB61E9 /* Koolo */ = {
			isa = PBXGroup;
			children = (
				5536AA391BD81CD900398454 /* AppConstants.h */,
				555BD6141BC760B600BB61E9 /* AppDelegate.h */,
				555BD6151BC760B600BB61E9 /* AppDelegate.m */,
				55429EDF1BC8AFCB00CEF9E5 /* InformationViewController.h */,
				55429EE01BC8AFCB00CEF9E5 /* InformationViewController.m */,
				5536AA321BD81A7300398454 /* Calendar */,
				5536AA221BD80FED00398454 /* Checklists */,
				3730633F1BCABBA2004751CA /* Home */,
				F33B7E6C1BC8B92800C37B1D /* Images */,
				55F5A3F61BE142E300DC80F4 /* MoodShot */,
				555BD6361BC7618600BB61E9 /* Settings */,
				5536AA421BD81D4700398454 /* SingleTon */,
				5536AA3A1BD81D1100398454 /* Third Party */,
				555BD61A1BC760B600BB61E9 /* Main.storyboard */,
				555BD61D1BC760B600BB61E9 /* Images.xcassets */,
				555BD61F1BC760B600BB61E9 /* LaunchScreen.xib */,
				555BD6101BC760B600BB61E9 /* Supporting Files */,
			);
			path = Koolo;
			sourceTree = "<group>";
		};
		555BD6101BC760B600BB61E9 /* Supporting Files */ = {
			isa = PBXGroup;
			children = (
				555BD6111BC760B600BB61E9 /* Info.plist */,
				555BD6121BC760B600BB61E9 /* main.m */,
			);
			name = "Supporting Files";
			sourceTree = "<group>";
		};
		555BD6291BC760B600BB61E9 /* KooloTests */ = {
			isa = PBXGroup;
			children = (
				555BD62C1BC760B700BB61E9 /* KooloTests.m */,
				555BD62A1BC760B600BB61E9 /* Supporting Files */,
			);
			path = KooloTests;
			sourceTree = "<group>";
		};
		555BD62A1BC760B600BB61E9 /* Supporting Files */ = {
			isa = PBXGroup;
			children = (
				555BD62B1BC760B600BB61E9 /* Info.plist */,
			);
			name = "Supporting Files";
			sourceTree = "<group>";
		};
		555BD6361BC7618600BB61E9 /* Settings */ = {
			isa = PBXGroup;
			children = (
				555BD63B1BC761D200BB61E9 /* SettingScreenViewController.h */,
				555BD63C1BC761D200BB61E9 /* SettingScreenViewController.m */,
				555BD6371BC7618600BB61E9 /* Album */,
				55261E311BC8C31000AA3CCD /* Passcode */,
				55261E2C1BC8C1D600AA3CCD /* Quotes */,
			);
			path = Settings;
			sourceTree = "<group>";
		};
		555BD6371BC7618600BB61E9 /* Album */ = {
			isa = PBXGroup;
			children = (
				555BD6381BC761AD00BB61E9 /* AlbumViewController.h */,
				555BD6391BC761AD00BB61E9 /* AlbumViewController.m */,
			);
			path = Album;
			sourceTree = "<group>";
		};
		558BB02F1BF8D5D0000B335D /* CLWeeklyCalendarViewSourceCode */ = {
			isa = PBXGroup;
			children = (
				558BB0301BF8D5D0000B335D /* CLWeeklyCalendarView.h */,
				558BB0311BF8D5D0000B335D /* CLWeeklyCalendarView.m */,
				558BB0321BF8D5D0000B335D /* DailyCalendarView.h */,
				558BB0331BF8D5D0000B335D /* DailyCalendarView.m */,
				558BB0341BF8D5D0000B335D /* DayTitleLabel.h */,
				558BB0351BF8D5D0000B335D /* DayTitleLabel.m */,
				558BB0361BF8D5D0000B335D /* Misc */,
			);
			path = CLWeeklyCalendarViewSourceCode;
			sourceTree = "<group>";
		};
		558BB0361BF8D5D0000B335D /* Misc */ = {
			isa = PBXGroup;
			children = (
				558BB0371BF8D5D0000B335D /* NSDate+CL.h */,
				558BB0381BF8D5D0000B335D /* NSDate+CL.m */,
				558BB0391BF8D5D0000B335D /* NSDictionary+CL.h */,
				558BB03A1BF8D5D0000B335D /* NSDictionary+CL.m */,
				558BB03B1BF8D5D0000B335D /* UIColor+CL.h */,
				558BB03C1BF8D5D0000B335D /* UIColor+CL.m */,
				558BB03D1BF8D5D0000B335D /* UIImage+CL.h */,
				558BB03E1BF8D5D0000B335D /* UIImage+CL.m */,
			);
			path = Misc;
			sourceTree = "<group>";
		};
		55F5A3F61BE142E300DC80F4 /* MoodShot */ = {
			isa = PBXGroup;
			children = (
				55F5A3F71BE143FC00DC80F4 /* MSCameraViewController.h */,
				55F5A3F81BE143FC00DC80F4 /* MSCameraViewController.m */,
				55F5A4031BE1495100DC80F4 /* MSPreViewViewController.h */,
				55F5A4041BE1495100DC80F4 /* MSPreViewViewController.m */,
				55F5A3FA1BE1441300DC80F4 /* MSColorPickerViewController.h */,
				55F5A3FB1BE1441300DC80F4 /* MSColorPickerViewController.m */,
				55F5A3FD1BE1451900DC80F4 /* MoodLineViewController.h */,
				55F5A3FE1BE1451900DC80F4 /* MoodLineViewController.m */,
				55F5A4001BE1456900DC80F4 /* MoodMapViewController.h */,
				55F5A4011BE1456900DC80F4 /* MoodMapViewController.m */,
				550F97A41BE29B6F005510F5 /* ColorPickerCollectionViewCell.h */,
				550F97A51BE29B6F005510F5 /* ColorPickerCollectionViewCell.m */,
				55A8FAE11BE4911A0057CF44 /* colorPickerTableViewCell.h */,
				55A8FAE21BE4911A0057CF44 /* colorPickerTableViewCell.m */,
				F3E7FC561BE5E1B6009DA03C /* MoodPreviewCell.h */,
				F3E7FC571BE5E1B7009DA03C /* MoodPreviewCell.m */,
				F3E7FC591BE618CB009DA03C /* CustomMoodsImageView.h */,
				F3E7FC5A1BE618CB009DA03C /* CustomMoodsImageView.m */,
			);
			path = MoodShot;
			sourceTree = "<group>";
		};
		F33B7E6C1BC8B92800C37B1D /* Images */ = {
			isa = PBXGroup;
			children = (
				553B65C41BFBB3D900F288DD /* green.png */,
				553B65C61BFBB3D900F288DD /* yellow.png */,
				553B65C21BFBB3B800F288DD /* red.png */,
				557B4B1A1BFA4B4500F37F04 /* time.png */,
				558BB0461BF8E4F1000B335D /* cross.png */,
				F33773A01BC9465B00793831 /* Calander.png */,
				F33773A11BC9465B00793831 /* CheckListpng.png */,
				F33773981BC8D51300793831 /* SmallCameraButton.png */,
				F33773991BC8D51300793831 /* SmallKeyBoard.png */,
				F337739A1BC8D51300793831 /* SmallRecorderButton.png */,
				F337739B1BC8D51300793831 /* WhitePlus.png */,
				F337738E1BC8D2C400793831 /* plus.png */,
				F337738C1BC8D1C000793831 /* settings.png */,
				F33B7E6F1BC8C6CB00C37B1D /* Camera.png */,
				F33B7E6D1BC8B92800C37B1D /* lock.png */,
			);
			path = Images;
			sourceTree = "<group>";
		};
/* End PBXGroup section */

/* Begin PBXNativeTarget section */
		555BD60C1BC760B500BB61E9 /* Koolo */ = {
			isa = PBXNativeTarget;
			buildConfigurationList = 555BD6301BC760B700BB61E9 /* Build configuration list for PBXNativeTarget "Koolo" */;
			buildPhases = (
				555BD6091BC760B500BB61E9 /* Sources */,
				555BD60A1BC760B500BB61E9 /* Frameworks */,
				555BD60B1BC760B500BB61E9 /* Resources */,
			);
			buildRules = (
			);
			dependencies = (
			);
			name = Koolo;
			productName = Koolo;
			productReference = 555BD60D1BC760B600BB61E9 /* Koolo.app */;
			productType = "com.apple.product-type.application";
		};
		555BD6251BC760B600BB61E9 /* KooloTests */ = {
			isa = PBXNativeTarget;
			buildConfigurationList = 555BD6331BC760B700BB61E9 /* Build configuration list for PBXNativeTarget "KooloTests" */;
			buildPhases = (
				555BD6221BC760B600BB61E9 /* Sources */,
				555BD6231BC760B600BB61E9 /* Frameworks */,
				555BD6241BC760B600BB61E9 /* Resources */,
			);
			buildRules = (
			);
			dependencies = (
				555BD6281BC760B600BB61E9 /* PBXTargetDependency */,
			);
			name = KooloTests;
			productName = KooloTests;
			productReference = 555BD6261BC760B600BB61E9 /* KooloTests.xctest */;
			productType = "com.apple.product-type.bundle.unit-test";
		};
/* End PBXNativeTarget section */

/* Begin PBXProject section */
		555BD6051BC760B500BB61E9 /* Project object */ = {
			isa = PBXProject;
			attributes = {
				LastUpgradeCheck = 0600;
				ORGANIZATIONNAME = Vinodram;
				TargetAttributes = {
					555BD60C1BC760B500BB61E9 = {
						CreatedOnToolsVersion = 6.0.1;
						DevelopmentTeam = 42ZFMK3KH2;
					};
					555BD6251BC760B600BB61E9 = {
						CreatedOnToolsVersion = 6.0.1;
						TestTargetID = 555BD60C1BC760B500BB61E9;
					};
				};
			};
			buildConfigurationList = 555BD6081BC760B500BB61E9 /* Build configuration list for PBXProject "Koolo" */;
			compatibilityVersion = "Xcode 3.2";
			developmentRegion = English;
			hasScannedForEncodings = 0;
			knownRegions = (
				en,
				Base,
			);
			mainGroup = 555BD6041BC760B500BB61E9;
			productRefGroup = 555BD60E1BC760B600BB61E9 /* Products */;
			projectDirPath = "";
			projectRoot = "";
			targets = (
				555BD60C1BC760B500BB61E9 /* Koolo */,
				555BD6251BC760B600BB61E9 /* KooloTests */,
			);
		};
/* End PBXProject section */

/* Begin PBXResourcesBuildPhase section */
		555BD60B1BC760B500BB61E9 /* Resources */ = {
			isa = PBXResourcesBuildPhase;
			buildActionMask = 2147483647;
			files = (
				558BB0471BF8E4F1000B335D /* cross.png in Resources */,
				F337738D1BC8D1C100793831 /* settings.png in Resources */,
				F33B7E6E1BC8B92800C37B1D /* lock.png in Resources */,
				553B65C71BFBB3D900F288DD /* green.png in Resources */,
				F33773A31BC9465B00793831 /* CheckListpng.png in Resources */,
				553B65C31BFBB3B800F288DD /* red.png in Resources */,
				55D063831BF8894B000962D3 /* Localizable.strings in Resources */,
				F3BBD92D1BE4CD760087591E /* Images.xcassets in Resources */,
				555BD61C1BC760B600BB61E9 /* Main.storyboard in Resources */,
				F337739D1BC8D51300793831 /* SmallKeyBoard.png in Resources */,
				F33B7E701BC8C6CB00C37B1D /* Camera.png in Resources */,
				F33773A21BC9465B00793831 /* Calander.png in Resources */,
				557B4B1B1BFA4B4500F37F04 /* time.png in Resources */,
				F337739E1BC8D51300793831 /* SmallRecorderButton.png in Resources */,
				555BD6211BC760B600BB61E9 /* LaunchScreen.xib in Resources */,
				F337738F1BC8D2C400793831 /* plus.png in Resources */,
				553B65C91BFBB3D900F288DD /* yellow.png in Resources */,
				F337739C1BC8D51300793831 /* SmallCameraButton.png in Resources */,
				F337739F1BC8D51300793831 /* WhitePlus.png in Resources */,
			);
			runOnlyForDeploymentPostprocessing = 0;
		};
		555BD6241BC760B600BB61E9 /* Resources */ = {
			isa = PBXResourcesBuildPhase;
			buildActionMask = 2147483647;
			files = (
			);
			runOnlyForDeploymentPostprocessing = 0;
		};
/* End PBXResourcesBuildPhase section */

/* Begin PBXSourcesBuildPhase section */
		555BD6091BC760B500BB61E9 /* Sources */ = {
			isa = PBXSourcesBuildPhase;
			buildActionMask = 2147483647;
			files = (
				555BD63A1BC761AD00BB61E9 /* AlbumViewController.m in Sources */,
				558BB0421BF8D5D0000B335D /* NSDate+CL.m in Sources */,
				5536AA451BD81D7F00398454 /* AppDataManager.m in Sources */,
				558BB0441BF8D5D0000B335D /* UIColor+CL.m in Sources */,
				555BD6191BC760B600BB61E9 /* ViewController.m in Sources */,
				55CAAF051BE4A0FE008EE20C /* StoreDataMangager.m in Sources */,
				558BB0431BF8D5D0000B335D /* NSDictionary+CL.m in Sources */,
				37F2F5381BC991DA00B97307 /* QuotesTableviewCell.m in Sources */,
				5536AA401BD81D1100398454 /* UPStackMenu.m in Sources */,
				55F5A4021BE1456900DC80F4 /* MoodMapViewController.m in Sources */,
				55F5A3FC1BE1441300DC80F4 /* MSColorPickerViewController.m in Sources */,
				5536AA2B1BD8108500398454 /* CLMyHealthViewController.m in Sources */,
				5536AA311BD810E900398454 /* CLNewGoalViewController.m in Sources */,
				55F5A3F91BE143FC00DC80F4 /* MSCameraViewController.m in Sources */,
				F3D0A2481BEF14A70089CFD5 /* CheckListCustomView.m in Sources */,
				F3E7FC581BE5E1B7009DA03C /* MoodPreviewCell.m in Sources */,
				F3E7FC5B1BE618CB009DA03C /* CustomMoodsImageView.m in Sources */,
				550F97A61BE29B6F005510F5 /* ColorPickerCollectionViewCell.m in Sources */,
				373063421BCABBD9004751CA /* HomeNotificationView.m in Sources */,
				5536AA381BD81AFC00398454 /* NewEventViewController.m in Sources */,
				5511280C1BEA856900F850C6 /* SecretAnswerViewController.m in Sources */,
				557631D21BDEA4470042F0E0 /* PasscodeHomeViewController.m in Sources */,
				55F5A4051BE1495100DC80F4 /* MSPreViewViewController.m in Sources */,
				555BD63D1BC761D200BB61E9 /* SettingScreenViewController.m in Sources */,
				5536AA2E1BD810A500398454 /* CLHealthInfoViewController.m in Sources */,
				558BB0401BF8D5D0000B335D /* DailyCalendarView.m in Sources */,
				55A8FAE31BE4911A0057CF44 /* colorPickerTableViewCell.m in Sources */,
				5536AA251BD8102100398454 /* CheckListViewController.m in Sources */,
				5536AA351BD81AE100398454 /* CalendarViewController.m in Sources */,
				55261E2F1BC8C1E900AA3CCD /* QuotesViewController.m in Sources */,
				55F5A3FF1BE1451900DC80F4 /* MoodLineViewController.m in Sources */,
				558BB0411BF8D5D0000B335D /* DayTitleLabel.m in Sources */,
				55261E341BC8C32C00AA3CCD /* PassCodeViewController.m in Sources */,
				55429EE11BC8AFCB00CEF9E5 /* InformationViewController.m in Sources */,
				558BB0451BF8D5D0000B335D /* UIImage+CL.m in Sources */,
				5536AA411BD81D1100398454 /* UPStackMenuItem.m in Sources */,
				554310C51BE4D7CC00961E34 /* CalendarColorPickerViewController.m in Sources */,
				555BD6161BC760B600BB61E9 /* AppDelegate.m in Sources */,
				55F9172F1BE7F3630007E799 /* CLNewGoalTableViewCell.m in Sources */,
				5536AA281BD8104300398454 /* CLThreeSentenceViewController.m in Sources */,
				558BB03F1BF8D5D0000B335D /* CLWeeklyCalendarView.m in Sources */,
				555BD6131BC760B600BB61E9 /* main.m in Sources */,
			);
			runOnlyForDeploymentPostprocessing = 0;
		};
		555BD6221BC760B600BB61E9 /* Sources */ = {
			isa = PBXSourcesBuildPhase;
			buildActionMask = 2147483647;
			files = (
				555BD62D1BC760B700BB61E9 /* KooloTests.m in Sources */,
			);
			runOnlyForDeploymentPostprocessing = 0;
		};
/* End PBXSourcesBuildPhase section */

/* Begin PBXTargetDependency section */
		555BD6281BC760B600BB61E9 /* PBXTargetDependency */ = {
			isa = PBXTargetDependency;
			target = 555BD60C1BC760B500BB61E9 /* Koolo */;
			targetProxy = 555BD6271BC760B600BB61E9 /* PBXContainerItemProxy */;
		};
/* End PBXTargetDependency section */

/* Begin PBXVariantGroup section */
		555BD61A1BC760B600BB61E9 /* Main.storyboard */ = {
			isa = PBXVariantGroup;
			children = (
				555BD61B1BC760B600BB61E9 /* Base */,
			);
			name = Main.storyboard;
			sourceTree = "<group>";
		};
		555BD61F1BC760B600BB61E9 /* LaunchScreen.xib */ = {
			isa = PBXVariantGroup;
			children = (
				555BD6201BC760B600BB61E9 /* Base */,
			);
			name = LaunchScreen.xib;
			sourceTree = "<group>";
		};
/* End PBXVariantGroup section */

/* Begin XCBuildConfiguration section */
		555BD62E1BC760B700BB61E9 /* Debug */ = {
			isa = XCBuildConfiguration;
			buildSettings = {
				ALWAYS_SEARCH_USER_PATHS = NO;
				ASSETCATALOG_COMPILER_APPICON_NAME = "";
				CLANG_CXX_LANGUAGE_STANDARD = "gnu++0x";
				CLANG_CXX_LIBRARY = "libc++";
				CLANG_ENABLE_MODULES = YES;
				CLANG_ENABLE_OBJC_ARC = YES;
				CLANG_WARN_BOOL_CONVERSION = YES;
				CLANG_WARN_CONSTANT_CONVERSION = YES;
				CLANG_WARN_DIRECT_OBJC_ISA_USAGE = YES_ERROR;
				CLANG_WARN_EMPTY_BODY = YES;
				CLANG_WARN_ENUM_CONVERSION = YES;
				CLANG_WARN_INT_CONVERSION = YES;
				CLANG_WARN_OBJC_ROOT_CLASS = YES_ERROR;
				CLANG_WARN_UNREACHABLE_CODE = YES;
				CLANG_WARN__DUPLICATE_METHOD_MATCH = YES;
				CODE_SIGN_IDENTITY = "Manish Mar 2014 Dev";
				"CODE_SIGN_IDENTITY[sdk=iphoneos*]" = "Manish Mar 2014 Dev";
				COPY_PHASE_STRIP = NO;
				ENABLE_STRICT_OBJC_MSGSEND = YES;
				GCC_C_LANGUAGE_STANDARD = gnu99;
				GCC_DYNAMIC_NO_PIC = NO;
				GCC_OPTIMIZATION_LEVEL = 0;
				GCC_PREPROCESSOR_DEFINITIONS = (
					"DEBUG=1",
					"$(inherited)",
				);
				GCC_SYMBOLS_PRIVATE_EXTERN = NO;
				GCC_WARN_64_TO_32_BIT_CONVERSION = YES;
				GCC_WARN_ABOUT_RETURN_TYPE = YES_ERROR;
				GCC_WARN_UNDECLARED_SELECTOR = YES;
				GCC_WARN_UNINITIALIZED_AUTOS = YES_AGGRESSIVE;
				GCC_WARN_UNUSED_FUNCTION = YES;
				GCC_WARN_UNUSED_VARIABLE = YES;
				IPHONEOS_DEPLOYMENT_TARGET = 8.0;
				MTL_ENABLE_DEBUG_INFO = YES;
				ONLY_ACTIVE_ARCH = YES;
				PROVISIONING_PROFILE = "881fd96e-a033-495a-8d9a-8ff0e11d316a";
				SDKROOT = iphoneos;
			};
			name = Debug;
		};
		555BD62F1BC760B700BB61E9 /* Release */ = {
			isa = XCBuildConfiguration;
			buildSettings = {
				ALWAYS_SEARCH_USER_PATHS = NO;
				ASSETCATALOG_COMPILER_APPICON_NAME = "";
				CLANG_CXX_LANGUAGE_STANDARD = "gnu++0x";
				CLANG_CXX_LIBRARY = "libc++";
				CLANG_ENABLE_MODULES = YES;
				CLANG_ENABLE_OBJC_ARC = YES;
				CLANG_WARN_BOOL_CONVERSION = YES;
				CLANG_WARN_CONSTANT_CONVERSION = YES;
				CLANG_WARN_DIRECT_OBJC_ISA_USAGE = YES_ERROR;
				CLANG_WARN_EMPTY_BODY = YES;
				CLANG_WARN_ENUM_CONVERSION = YES;
				CLANG_WARN_INT_CONVERSION = YES;
				CLANG_WARN_OBJC_ROOT_CLASS = YES_ERROR;
				CLANG_WARN_UNREACHABLE_CODE = YES;
				CLANG_WARN__DUPLICATE_METHOD_MATCH = YES;
				CODE_SIGN_IDENTITY = "Manish Mar 2014 Dev";
				"CODE_SIGN_IDENTITY[sdk=iphoneos*]" = "Manish Mar 2014 Dev";
				COPY_PHASE_STRIP = YES;
				ENABLE_NS_ASSERTIONS = NO;
				ENABLE_STRICT_OBJC_MSGSEND = YES;
				GCC_C_LANGUAGE_STANDARD = gnu99;
				GCC_WARN_64_TO_32_BIT_CONVERSION = YES;
				GCC_WARN_ABOUT_RETURN_TYPE = YES_ERROR;
				GCC_WARN_UNDECLARED_SELECTOR = YES;
				GCC_WARN_UNINITIALIZED_AUTOS = YES_AGGRESSIVE;
				GCC_WARN_UNUSED_FUNCTION = YES;
				GCC_WARN_UNUSED_VARIABLE = YES;
				IPHONEOS_DEPLOYMENT_TARGET = 8.0;
				MTL_ENABLE_DEBUG_INFO = NO;
				PROVISIONING_PROFILE = "881fd96e-a033-495a-8d9a-8ff0e11d316a";
				SDKROOT = iphoneos;
				VALIDATE_PRODUCT = YES;
			};
			name = Release;
		};
		555BD6311BC760B700BB61E9 /* Debug */ = {
			isa = XCBuildConfiguration;
			buildSettings = {
				ASSETCATALOG_COMPILER_APPICON_NAME = AppIcon;
				CODE_SIGN_IDENTITY = "iPhone Developer";
				"CODE_SIGN_IDENTITY[sdk=iphoneos*]" = "iPhone Developer";
				INFOPLIST_FILE = Koolo/Info.plist;
				IPHONEOS_DEPLOYMENT_TARGET = 8.0;
				LD_RUNPATH_SEARCH_PATHS = "$(inherited) @executable_path/Frameworks";
				PRODUCT_BUNDLE_IDENTIFIER = com.uio.koolo;
				PRODUCT_NAME = "$(TARGET_NAME)";
				PROVISIONING_PROFILE = "";
				TARGETED_DEVICE_FAMILY = 1;
			};
			name = Debug;
		};
		555BD6321BC760B700BB61E9 /* Release */ = {
			isa = XCBuildConfiguration;
			buildSettings = {
				ASSETCATALOG_COMPILER_APPICON_NAME = AppIcon;
				CODE_SIGN_IDENTITY = "iPhone Developer";
				"CODE_SIGN_IDENTITY[sdk=iphoneos*]" = "iPhone Developer";
				INFOPLIST_FILE = Koolo/Info.plist;
				IPHONEOS_DEPLOYMENT_TARGET = 8.0;
				LD_RUNPATH_SEARCH_PATHS = "$(inherited) @executable_path/Frameworks";
				PRODUCT_BUNDLE_IDENTIFIER = com.uio.koolo;
				PRODUCT_NAME = "$(TARGET_NAME)";
				PROVISIONING_PROFILE = "";
				TARGETED_DEVICE_FAMILY = 1;
			};
			name = Release;
		};
		555BD6341BC760B700BB61E9 /* Debug */ = {
			isa = XCBuildConfiguration;
			buildSettings = {
				BUNDLE_LOADER = "$(TEST_HOST)";
				FRAMEWORK_SEARCH_PATHS = (
					"$(SDKROOT)/Developer/Library/Frameworks",
					"$(inherited)",
				);
				GCC_PREPROCESSOR_DEFINITIONS = (
					"DEBUG=1",
					"$(inherited)",
				);
				INFOPLIST_FILE = KooloTests/Info.plist;
				LD_RUNPATH_SEARCH_PATHS = "$(inherited) @executable_path/Frameworks @loader_path/Frameworks";
				PRODUCT_NAME = "$(TARGET_NAME)";
				TEST_HOST = "$(BUILT_PRODUCTS_DIR)/Koolo.app/Koolo";
			};
			name = Debug;
		};
		555BD6351BC760B700BB61E9 /* Release */ = {
			isa = XCBuildConfiguration;
			buildSettings = {
				BUNDLE_LOADER = "$(TEST_HOST)";
				FRAMEWORK_SEARCH_PATHS = (
					"$(SDKROOT)/Developer/Library/Frameworks",
					"$(inherited)",
				);
				INFOPLIST_FILE = KooloTests/Info.plist;
				LD_RUNPATH_SEARCH_PATHS = "$(inherited) @executable_path/Frameworks @loader_path/Frameworks";
				PRODUCT_NAME = "$(TARGET_NAME)";
				TEST_HOST = "$(BUILT_PRODUCTS_DIR)/Koolo.app/Koolo";
			};
			name = Release;
		};
/* End XCBuildConfiguration section */

/* Begin XCConfigurationList section */
		555BD6081BC760B500BB61E9 /* Build configuration list for PBXProject "Koolo" */ = {
			isa = XCConfigurationList;
			buildConfigurations = (
				555BD62E1BC760B700BB61E9 /* Debug */,
				555BD62F1BC760B700BB61E9 /* Release */,
			);
			defaultConfigurationIsVisible = 0;
			defaultConfigurationName = Release;
		};
		555BD6301BC760B700BB61E9 /* Build configuration list for PBXNativeTarget "Koolo" */ = {
			isa = XCConfigurationList;
			buildConfigurations = (
				555BD6311BC760B700BB61E9 /* Debug */,
				555BD6321BC760B700BB61E9 /* Release */,
			);
			defaultConfigurationIsVisible = 0;
			defaultConfigurationName = Release;
		};
		555BD6331BC760B700BB61E9 /* Build configuration list for PBXNativeTarget "KooloTests" */ = {
			isa = XCConfigurationList;
			buildConfigurations = (
				555BD6341BC760B700BB61E9 /* Debug */,
				555BD6351BC760B700BB61E9 /* Release */,
			);
			defaultConfigurationIsVisible = 0;
			defaultConfigurationName = Release;
		};
/* End XCConfigurationList section */
	};
	rootObject = 555BD6051BC760B500BB61E9 /* Project object */;
}
